<?xml version="1.0" encoding="utf-8"?>
<Project ToolsVersion="4.0" xmlns="http://schemas.microsoft.com/developer/msbuild/2003">
  <ItemGroup>
    <Filter Include="gtest">
      <UniqueIdentifier>{7b8b03ae-b6f6-4925-8ceb-e527e66c0155}</UniqueIdentifier>
    </Filter>
    <Filter Include="UnitTest">
      <UniqueIdentifier>{c97405f5-318b-4b01-916b-478867d7226f}</UniqueIdentifier>
    </Filter>
    <Filter Include="UnitTest\Base">
      <UniqueIdentifier>{e51f6023-cc1e-4e06-baf0-10fa425d4d71}</UniqueIdentifier>
    </Filter>
    <Filter Include="UnitTest\Platform">
      <UniqueIdentifier>{8d50f871-ce1d-4ebb-a198-f9566c59f7b1}</UniqueIdentifier>
    </Filter>
    <Filter Include="UnitTest\Threading">
      <UniqueIdentifier>{2b9f9c36-100a-4124-949b-6ba017b1bd44}</UniqueIdentifier>
    </Filter>
    <Filter Include="UnitTest\Text">
      <UniqueIdentifier>{d8316252-7a85-41ab-9944-caf7f396591f}</UniqueIdentifier>
    </Filter>
    <Filter Include="UnitTest\IO">
      <UniqueIdentifier>{dc6b7f36-f085-444d-9af0-ccaa09816e2d}</UniqueIdentifier>
    </Filter>
  </ItemGroup>
  <ItemGroup>
    <ClCompile Include="..\..\test\gtest\src\gtest-all.cc">
      <Filter>gtest</Filter>
    </ClCompile>
    <ClCompile Include="..\..\test\gtest\src\gtest_main.cc">
      <Filter>gtest</Filter>
    </ClCompile>
    <ClCompile Include="..\..\test\UnitTest\Base\Test_Base_Encoding_UTF8.cpp">
      <Filter>UnitTest\Base</Filter>
    </ClCompile>
    <ClCompile Include="..\..\test\UnitTest\Base\Test_Base_STLUtils.cpp">
      <Filter>UnitTest\Base</Filter>
    </ClCompile>
    <ClCompile Include="..\..\test\UnitTest\Base\Test_Base_String.cpp">
      <Filter>UnitTest\Base</Filter>
    </ClCompile>
    <ClCompile Include="..\..\test\UnitTest\Base\Test_Base_StringUtils.cpp">
      <Filter>UnitTest\Base</Filter>
    </ClCompile>
    <ClCompile Include="..\..\test\UnitTest\Base\Test_Base_UnicodeUtils.cpp">
      <Filter>UnitTest\Base</Filter>
    </ClCompile>
    <ClCompile Include="..\..\test\UnitTest\Base\Test_Base_Encoding.cpp">
      <Filter>UnitTest\Base</Filter>
    </ClCompile>
    <ClCompile Include="..\..\test\UnitTest\Platform\Test_Platform_Environment.cpp">
      <Filter>UnitTest\Platform</Filter>
    </ClCompile>
    <ClCompile Include="..\..\test\UnitTest\Threading\Test_Threading_Atomic.cpp">
      <Filter>UnitTest\Threading</Filter>
    </ClCompile>
    <ClCompile Include="..\..\test\UnitTest\Threading\Test_Threading_Thread.cpp">
      <Filter>UnitTest\Threading</Filter>
    </ClCompile>
    <ClCompile Include="..\..\test\UnitTest\Base\Test_Base_Delegate.cpp">
      <Filter>UnitTest\Base</Filter>
    </ClCompile>
    <ClCompile Include="..\..\test\UnitTest\Platform\Test_Platform_Application.cpp">
      <Filter>UnitTest\Platform</Filter>
    </ClCompile>
    <ClCompile Include="..\..\test\UnitTest\Threading\Test_Threading_EventFlag.cpp">
      <Filter>UnitTest\Threading</Filter>
    </ClCompile>
    <ClCompile Include="..\..\test\UnitTest\Text\Test_Text_DBCSEncoding.cpp">
      <Filter>UnitTest\Text</Filter>
    </ClCompile>
    <ClCompile Include="..\..\test\UnitTest\Text\Test_Text_EncodingDetector.cpp">
      <Filter>UnitTest\Text</Filter>
    </ClCompile>
    <ClCompile Include="..\..\test\UnitTest\IO\Test_IO_FileUtils.cpp">
      <Filter>UnitTest\IO</Filter>
    </ClCompile>
    <ClCompile Include="..\..\test\UnitTest\Base\Test_Base_Exception.cpp">
      <Filter>UnitTest\Base</Filter>
    </ClCompile>
    <ClCompile Include="..\..\test\UnitTest\Base\Test_Base_UTF32Encoding.cpp">
      <Filter>UnitTest\Base</Filter>
    </ClCompile>
    <ClCompile Include="..\..\test\UnitTest\IO\Test_IO_MemoryStream.cpp">
      <Filter>UnitTest\IO</Filter>
    </ClCompile>
    <ClCompile Include="..\..\test\UnitTest\Base\Test_Base_Array.cpp">
      <Filter>UnitTest\Base</Filter>
    </ClCompile>
    <ClCompile Include="..\..\test\UnitTest\Base\Test_Base_Rect.cpp">
      <Filter>UnitTest\Base</Filter>
    </ClCompile>
    <ClCompile Include="..\..\test\UnitTest\Base\Test_Base_ByteBuffer.cpp">
      <Filter>UnitTest\Base</Filter>
    </ClCompile>
    <ClCompile Include="..\..\test\UnitTest\IO\Test_IO_File.cpp">
      <Filter>UnitTest\IO</Filter>
    </ClCompile>
    <ClCompile Include="..\..\test\UnitTest\IO\Test_IO_PathName.cpp">
      <Filter>UnitTest\IO</Filter>
    </ClCompile>
    <ClCompile Include="..\..\test\UnitTest\IO\Test_IO_ArchiveMaker.cpp">
      <Filter>UnitTest\IO</Filter>
    </ClCompile>
    <ClCompile Include="..\..\test\UnitTest\Base\Test_Base_Cache.cpp">
      <Filter>UnitTest\Base</Filter>
    </ClCompile>
    <ClCompile Include="..\..\test\UnitTest\IO\Test_IO_BinaryReader.cpp">
      <Filter>UnitTest\IO</Filter>
    </ClCompile>
    <ClCompile Include="..\..\test\UnitTest\IO\Test_IO_ASync.cpp">
      <Filter>UnitTest\IO</Filter>
    </ClCompile>
    <ClCompile Include="..\..\test\UnitTest\IO\Test_IO_FileStream.cpp">
      <Filter>UnitTest\IO</Filter>
    </ClCompile>
  </ItemGroup>
  <ItemGroup>
    <ClInclude Include="..\..\test\UnitTest\TestConfig.h">
      <Filter>UnitTest</Filter>
    </ClInclude>
  </ItemGroup>
</Project>